
Microsoft Visual Studio Solution File, Format Version 12.00
# Visual Studio Version 16
VisualStudioVersion = 16.0.29920.165
MinimumVisualStudioVersion = 10.0.40219.1
Project("{FAE04EC0-301F-11D3-BF4B-00C04F79EFBC}") = "MobileLabProject.Android", "MobileLabProject\MobileLabProject.Android\MobileLabProject.Android.csproj", "{79F9DEE4-80AC-4D9F-915E-002D333DA1AF}"
EndProject
Project("{FAE04EC0-301F-11D3-BF4B-00C04F79EFBC}") = "MobileLabProject", "MobileLabProject\MobileLabProject\MobileLabProject.csproj", "{D6FC36E1-C91B-49E3-9C85-87FC4C67111C}"
EndProject
Global
	GlobalSection(SolutionConfigurationPlatforms) = preSolution
		Debug|Any CPU = Debug|Any CPU
		Release|Any CPU = Release|Any CPU
	EndGlobalSection
	GlobalSection(ProjectConfigurationPlatforms) = postSolution
		{79F9DEE4-80AC-4D9F-915E-002D333DA1AF}.Debug|Any CPU.ActiveCfg = Debug|Any CPU
		{79F9DEE4-80AC-4D9F-915E-002D333DA1AF}.Debug|Any CPU.Build.0 = Debug|Any CPU
		{79F9DEE4-80AC-4D9F-915E-002D333DA1AF}.Debug|Any CPU.Deploy.0 = Debug|Any CPU
		{79F9DEE4-80AC-4D9F-915E-002D333DA1AF}.Release|Any CPU.ActiveCfg = Release|Any CPU
		{79F9DEE4-80AC-4D9F-915E-002D333DA1AF}.Release|Any CPU.Build.0 = Release|Any CPU
		{79F9DEE4-80AC-4D9F-915E-002D333DA1AF}.Release|Any CPU.Deploy.0 = Release|Any CPU
		{D6FC36E1-C91B-49E3-9C85-87FC4C67111C}.Debug|Any CPU.ActiveCfg = Debug|Any CPU
		{D6FC36E1-C91B-49E3-9C85-87FC4C67111C}.Debug|Any CPU.Build.0 = Debug|Any CPU
		{D6FC36E1-C91B-49E3-9C85-87FC4C67111C}.Debug|Any CPU.Deploy.0 = Debug|Any CPU
		{D6FC36E1-C91B-49E3-9C85-87FC4C67111C}.Release|Any CPU.ActiveCfg = Release|Any CPU
		{D6FC36E1-C91B-49E3-9C85-87FC4C67111C}.Release|Any CPU.Build.0 = Release|Any CPU
		{D6FC36E1-C91B-49E3-9C85-87FC4C67111C}.Release|Any CPU.Deploy.0 = Release|Any CPU
	EndGlobalSection
	GlobalSection(SolutionProperties) = preSolution
		HideSolutionNode = FALSE
	EndGlobalSection
	GlobalSection(ExtensibilityGlobals) = postSolution
		SolutionGuid = {7B975D1E-5D89-4AE5-A708-E93C311AE635}
	EndGlobalSection
EndGlobal
